// !$*UTF8*$!
{
	archiveVersion = 1;
	classes = {
	};
	objectVersion = 56;
	objects = {

/* Begin PBXBuildFile section */
		D142029B2ABCC4C400919641 /* Realm in Frameworks */ = {isa = PBXBuildFile; productRef = D142029A2ABCC4C400919641 /* Realm */; };
		D142029D2ABCC4C400919641 /* RealmSwift in Frameworks */ = {isa = PBXBuildFile; productRef = D142029C2ABCC4C400919641 /* RealmSwift */; };
		D175A3572AC353B80041D5D4 /* HomePresenter.swift in Sources */ = {isa = PBXBuildFile; fileRef = D175A3562AC353B80041D5D4 /* HomePresenter.swift */; };
		D175A35A2AC353E70041D5D4 /* ExpensivePresenter.swift in Sources */ = {isa = PBXBuildFile; fileRef = D175A3592AC353E70041D5D4 /* ExpensivePresenter.swift */; };
		D175A35F2AC354790041D5D4 /* RevenuesPresenter.swift in Sources */ = {isa = PBXBuildFile; fileRef = D175A35E2AC354790041D5D4 /* RevenuesPresenter.swift */; };
		D175A3612AC3548A0041D5D4 /* StatisticPresenter.swift in Sources */ = {isa = PBXBuildFile; fileRef = D175A3602AC3548A0041D5D4 /* StatisticPresenter.swift */; };
		D19C2CF22AACD2C2009AF3EC /* AppDelegate.swift in Sources */ = {isa = PBXBuildFile; fileRef = D19C2CF12AACD2C2009AF3EC /* AppDelegate.swift */; };
		D19C2CF42AACD2C2009AF3EC /* SceneDelegate.swift in Sources */ = {isa = PBXBuildFile; fileRef = D19C2CF32AACD2C2009AF3EC /* SceneDelegate.swift */; };
		D19C2CF62AACD2C2009AF3EC /* ViewController.swift in Sources */ = {isa = PBXBuildFile; fileRef = D19C2CF52AACD2C2009AF3EC /* ViewController.swift */; };
		D19C2CFB2AACD2C5009AF3EC /* Assets.xcassets in Resources */ = {isa = PBXBuildFile; fileRef = D19C2CFA2AACD2C5009AF3EC /* Assets.xcassets */; };
		D19C2CFE2AACD2C5009AF3EC /* LaunchScreen.storyboard in Resources */ = {isa = PBXBuildFile; fileRef = D19C2CFC2AACD2C5009AF3EC /* LaunchScreen.storyboard */; };
		D19C2D072AACD6AE009AF3EC /* Extension + Color.swift in Sources */ = {isa = PBXBuildFile; fileRef = D19C2D062AACD6AE009AF3EC /* Extension + Color.swift */; };
		D19C2D092AACD6CE009AF3EC /* Extension + Localized.swift in Sources */ = {isa = PBXBuildFile; fileRef = D19C2D082AACD6CE009AF3EC /* Extension + Localized.swift */; };
		D19C2D0C2AACD89A009AF3EC /* SnapKit in Frameworks */ = {isa = PBXBuildFile; productRef = D19C2D0B2AACD89A009AF3EC /* SnapKit */; };
		D1AE5C172AB0E5C900B5AB2C /* ExpensesViewController.swift in Sources */ = {isa = PBXBuildFile; fileRef = D1AE5C162AB0E5C900B5AB2C /* ExpensesViewController.swift */; };
		D1AE5C192AB0E5E200B5AB2C /* RevenuesViewController.swift in Sources */ = {isa = PBXBuildFile; fileRef = D1AE5C182AB0E5E200B5AB2C /* RevenuesViewController.swift */; };
		D1AE5C1B2AB0E5FE00B5AB2C /* StatisticsViewController.swift in Sources */ = {isa = PBXBuildFile; fileRef = D1AE5C1A2AB0E5FE00B5AB2C /* StatisticsViewController.swift */; };
		D1AE5C1D2AB0F75400B5AB2C /* HomeViewController.swift in Sources */ = {isa = PBXBuildFile; fileRef = D1AE5C1C2AB0F75400B5AB2C /* HomeViewController.swift */; };
/* End PBXBuildFile section */

/* Begin PBXFileReference section */
		D175A3562AC353B80041D5D4 /* HomePresenter.swift */ = {isa = PBXFileReference; lastKnownFileType = sourcecode.swift; path = HomePresenter.swift; sourceTree = "<group>"; };
		D175A3592AC353E70041D5D4 /* ExpensivePresenter.swift */ = {isa = PBXFileReference; lastKnownFileType = sourcecode.swift; path = ExpensivePresenter.swift; sourceTree = "<group>"; };
		D175A35E2AC354790041D5D4 /* RevenuesPresenter.swift */ = {isa = PBXFileReference; lastKnownFileType = sourcecode.swift; path = RevenuesPresenter.swift; sourceTree = "<group>"; };
		D175A3602AC3548A0041D5D4 /* StatisticPresenter.swift */ = {isa = PBXFileReference; lastKnownFileType = sourcecode.swift; path = StatisticPresenter.swift; sourceTree = "<group>"; };
		D19C2CEE2AACD2C2009AF3EC /* Diplom_finance_calculate.app */ = {isa = PBXFileReference; explicitFileType = wrapper.application; includeInIndex = 0; path = Diplom_finance_calculate.app; sourceTree = BUILT_PRODUCTS_DIR; };
		D19C2CF12AACD2C2009AF3EC /* AppDelegate.swift */ = {isa = PBXFileReference; lastKnownFileType = sourcecode.swift; path = AppDelegate.swift; sourceTree = "<group>"; };
		D19C2CF32AACD2C2009AF3EC /* SceneDelegate.swift */ = {isa = PBXFileReference; lastKnownFileType = sourcecode.swift; path = SceneDelegate.swift; sourceTree = "<group>"; };
		D19C2CF52AACD2C2009AF3EC /* ViewController.swift */ = {isa = PBXFileReference; lastKnownFileType = sourcecode.swift; path = ViewController.swift; sourceTree = "<group>"; };
		D19C2CFA2AACD2C5009AF3EC /* Assets.xcassets */ = {isa = PBXFileReference; lastKnownFileType = folder.assetcatalog; path = Assets.xcassets; sourceTree = "<group>"; };
		D19C2CFD2AACD2C5009AF3EC /* Base */ = {isa = PBXFileReference; lastKnownFileType = file.storyboard; name = Base; path = Base.lproj/LaunchScreen.storyboard; sourceTree = "<group>"; };
		D19C2CFF2AACD2C5009AF3EC /* Info.plist */ = {isa = PBXFileReference; lastKnownFileType = text.plist.xml; path = Info.plist; sourceTree = "<group>"; };
		D19C2D062AACD6AE009AF3EC /* Extension + Color.swift */ = {isa = PBXFileReference; lastKnownFileType = sourcecode.swift; path = "Extension + Color.swift"; sourceTree = "<group>"; };
		D19C2D082AACD6CE009AF3EC /* Extension + Localized.swift */ = {isa = PBXFileReference; lastKnownFileType = sourcecode.swift; path = "Extension + Localized.swift"; sourceTree = "<group>"; };
		D1AE5C162AB0E5C900B5AB2C /* ExpensesViewController.swift */ = {isa = PBXFileReference; lastKnownFileType = sourcecode.swift; path = ExpensesViewController.swift; sourceTree = "<group>"; };
		D1AE5C182AB0E5E200B5AB2C /* RevenuesViewController.swift */ = {isa = PBXFileReference; lastKnownFileType = sourcecode.swift; path = RevenuesViewController.swift; sourceTree = "<group>"; };
		D1AE5C1A2AB0E5FE00B5AB2C /* StatisticsViewController.swift */ = {isa = PBXFileReference; lastKnownFileType = sourcecode.swift; path = StatisticsViewController.swift; sourceTree = "<group>"; };
		D1AE5C1C2AB0F75400B5AB2C /* HomeViewController.swift */ = {isa = PBXFileReference; lastKnownFileType = sourcecode.swift; path = HomeViewController.swift; sourceTree = "<group>"; };
/* End PBXFileReference section */

/* Begin PBXFrameworksBuildPhase section */
		D19C2CEB2AACD2C2009AF3EC /* Frameworks */ = {
			isa = PBXFrameworksBuildPhase;
			buildActionMask = 2147483647;
			files = (
				D142029D2ABCC4C400919641 /* RealmSwift in Frameworks */,
				D142029B2ABCC4C400919641 /* Realm in Frameworks */,
				D19C2D0C2AACD89A009AF3EC /* SnapKit in Frameworks */,
			);
			runOnlyForDeploymentPostprocessing = 0;
		};
/* End PBXFrameworksBuildPhase section */

/* Begin PBXGroup section */
		D175A3552AC353740041D5D4 /* HomeViewController */ = {
			isa = PBXGroup;
			children = (
				D1AE5C1C2AB0F75400B5AB2C /* HomeViewController.swift */,
				D175A3562AC353B80041D5D4 /* HomePresenter.swift */,
			);
			path = HomeViewController;
			sourceTree = "<group>";
		};
		D175A3582AC353C50041D5D4 /* ExpensiveViewController */ = {
			isa = PBXGroup;
			children = (
				D1AE5C162AB0E5C900B5AB2C /* ExpensesViewController.swift */,
				D175A3592AC353E70041D5D4 /* ExpensivePresenter.swift */,
			);
			path = ExpensiveViewController;
			sourceTree = "<group>";
		};
		D175A35B2AC353F60041D5D4 /* RevenuesViewController */ = {
			isa = PBXGroup;
			children = (
				D1AE5C182AB0E5E200B5AB2C /* RevenuesViewController.swift */,
				D175A35E2AC354790041D5D4 /* RevenuesPresenter.swift */,
			);
			path = RevenuesViewController;
			sourceTree = "<group>";
		};
		D175A35C2AC354090041D5D4 /* StatisticViewController */ = {
			isa = PBXGroup;
			children = (
				D1AE5C1A2AB0E5FE00B5AB2C /* StatisticsViewController.swift */,
				D175A3602AC3548A0041D5D4 /* StatisticPresenter.swift */,
			);
			path = StatisticViewController;
			sourceTree = "<group>";
		};
		D175A35D2AC354560041D5D4 /* CodeTableViewCell */ = {
			isa = PBXGroup;
			children = (
			);
			path = CodeTableViewCell;
			sourceTree = "<group>";
		};
		D19C2CE52AACD2C2009AF3EC = {
			isa = PBXGroup;
			children = (
				D19C2CF02AACD2C2009AF3EC /* Diplom_finance_calculate */,
				D19C2CEF2AACD2C2009AF3EC /* Products */,
			);
			sourceTree = "<group>";
		};
		D19C2CEF2AACD2C2009AF3EC /* Products */ = {
			isa = PBXGroup;
			children = (
				D19C2CEE2AACD2C2009AF3EC /* Diplom_finance_calculate.app */,
			);
			name = Products;
			sourceTree = "<group>";
		};
		D19C2CF02AACD2C2009AF3EC /* Diplom_finance_calculate */ = {
			isa = PBXGroup;
			children = (
				D19C2CF12AACD2C2009AF3EC /* AppDelegate.swift */,
				D19C2CF32AACD2C2009AF3EC /* SceneDelegate.swift */,
				D19C2D0D2AACE486009AF3EC /* Presentation */,
				D19C2CFA2AACD2C5009AF3EC /* Assets.xcassets */,
				D19C2CFC2AACD2C5009AF3EC /* LaunchScreen.storyboard */,
				D19C2CFF2AACD2C5009AF3EC /* Info.plist */,
				D19C2D052AACD687009AF3EC /* Extension */,
			);
			path = Diplom_finance_calculate;
			sourceTree = "<group>";
		};
		D19C2D052AACD687009AF3EC /* Extension */ = {
			isa = PBXGroup;
			children = (
				D19C2D062AACD6AE009AF3EC /* Extension + Color.swift */,
				D19C2D082AACD6CE009AF3EC /* Extension + Localized.swift */,
			);
			path = Extension;
			sourceTree = "<group>";
		};
		D19C2D0D2AACE486009AF3EC /* Presentation */ = {
			isa = PBXGroup;
			children = (
				D19C2CF52AACD2C2009AF3EC /* ViewController.swift */,
				D175A3552AC353740041D5D4 /* HomeViewController */,
				D175A3582AC353C50041D5D4 /* ExpensiveViewController */,
				D175A35B2AC353F60041D5D4 /* RevenuesViewController */,
				D175A35C2AC354090041D5D4 /* StatisticViewController */,
				D175A35D2AC354560041D5D4 /* CodeTableViewCell */,
			);
			path = Presentation;
			sourceTree = "<group>";
		};
/* End PBXGroup section */

/* Begin PBXNativeTarget section */
		D19C2CED2AACD2C2009AF3EC /* Diplom_finance_calculate */ = {
			isa = PBXNativeTarget;
			buildConfigurationList = D19C2D022AACD2C5009AF3EC /* Build configuration list for PBXNativeTarget "Diplom_finance_calculate" */;
			buildPhases = (
				D19C2CEA2AACD2C2009AF3EC /* Sources */,
				D19C2CEB2AACD2C2009AF3EC /* Frameworks */,
				D19C2CEC2AACD2C2009AF3EC /* Resources */,
			);
			buildRules = (
			);
			dependencies = (
			);
			name = Diplom_finance_calculate;
			packageProductDependencies = (
				D19C2D0B2AACD89A009AF3EC /* SnapKit */,
				D142029A2ABCC4C400919641 /* Realm */,
				D142029C2ABCC4C400919641 /* RealmSwift */,
			);
			productName = Diplom_finance_calculate;
			productReference = D19C2CEE2AACD2C2009AF3EC /* Diplom_finance_calculate.app */;
			productType = "com.apple.product-type.application";
		};
/* End PBXNativeTarget section */

/* Begin PBXProject section */
		D19C2CE62AACD2C2009AF3EC /* Project object */ = {
			isa = PBXProject;
			attributes = {
				BuildIndependentTargetsInParallel = 1;
				LastSwiftUpdateCheck = 1430;
				LastUpgradeCheck = 1430;
				TargetAttributes = {
					D19C2CED2AACD2C2009AF3EC = {
						CreatedOnToolsVersion = 14.3;
					};
				};
			};
			buildConfigurationList = D19C2CE92AACD2C2009AF3EC /* Build configuration list for PBXProject "Diplom_finance_calculate" */;
			compatibilityVersion = "Xcode 14.0";
			developmentRegion = en;
			hasScannedForEncodings = 0;
			knownRegions = (
				en,
				Base,
			);
			mainGroup = D19C2CE52AACD2C2009AF3EC;
			packageReferences = (
				D19C2D0A2AACD89A009AF3EC /* XCRemoteSwiftPackageReference "SnapKit" */,
				D14202992ABCC4C400919641 /* XCRemoteSwiftPackageReference "realm-swift" */,
			);
			productRefGroup = D19C2CEF2AACD2C2009AF3EC /* Products */;
			projectDirPath = "";
			projectRoot = "";
			targets = (
				D19C2CED2AACD2C2009AF3EC /* Diplom_finance_calculate */,
			);
		};
/* End PBXProject section */

/* Begin PBXResourcesBuildPhase section */
		D19C2CEC2AACD2C2009AF3EC /* Resources */ = {
			isa = PBXResourcesBuildPhase;
			buildActionMask = 2147483647;
			files = (
				D19C2CFE2AACD2C5009AF3EC /* LaunchScreen.storyboard in Resources */,
				D19C2CFB2AACD2C5009AF3EC /* Assets.xcassets in Resources */,
			);
			runOnlyForDeploymentPostprocessing = 0;
		};
/* End PBXResourcesBuildPhase section */

/* Begin PBXSourcesBuildPhase section */
		D19C2CEA2AACD2C2009AF3EC /* Sources */ = {
			isa = PBXSourcesBuildPhase;
			buildActionMask = 2147483647;
			files = (
				D19C2CF62AACD2C2009AF3EC /* ViewController.swift in Sources */,
				D1AE5C172AB0E5C900B5AB2C /* ExpensesViewController.swift in Sources */,
				D19C2D072AACD6AE009AF3EC /* Extension + Color.swift in Sources */,
				D175A3572AC353B80041D5D4 /* HomePresenter.swift in Sources */,
				D175A35A2AC353E70041D5D4 /* ExpensivePresenter.swift in Sources */,
				D1AE5C192AB0E5E200B5AB2C /* RevenuesViewController.swift in Sources */,
				D19C2CF22AACD2C2009AF3EC /* AppDelegate.swift in Sources */,
				D175A35F2AC354790041D5D4 /* RevenuesPresenter.swift in Sources */,
				D1AE5C1D2AB0F75400B5AB2C /* HomeViewController.swift in Sources */,
				D175A3612AC3548A0041D5D4 /* StatisticPresenter.swift in Sources */,
				D1AE5C1B2AB0E5FE00B5AB2C /* StatisticsViewController.swift in Sources */,
				D19C2CF42AACD2C2009AF3EC /* SceneDelegate.swift in Sources */,
				D19C2D092AACD6CE009AF3EC /* Extension + Localized.swift in Sources */,
			);
			runOnlyForDeploymentPostprocessing = 0;
		};
/* End PBXSourcesBuildPhase section */

/* Begin PBXVariantGroup section */
		D19C2CFC2AACD2C5009AF3EC /* LaunchScreen.storyboard */ = {
			isa = PBXVariantGroup;
			children = (
				D19C2CFD2AACD2C5009AF3EC /* Base */,
			);
			name = LaunchScreen.storyboard;
			sourceTree = "<group>";
		};
/* End PBXVariantGroup section */

/* Begin XCBuildConfiguration section */
		D19C2D002AACD2C5009AF3EC /* Debug */ = {
			isa = XCBuildConfiguration;
			buildSettings = {
				ALWAYS_SEARCH_USER_PATHS = NO;
				CLANG_ANALYZER_NONNULL = YES;
				CLANG_ANALYZER_NUMBER_OBJECT_CONVERSION = YES_AGGRESSIVE;
				CLANG_CXX_LANGUAGE_STANDARD = "gnu++20";
				CLANG_ENABLE_MODULES = YES;
				CLANG_ENABLE_OBJC_ARC = YES;
				CLANG_ENABLE_OBJC_WEAK = YES;
				CLANG_WARN_BLOCK_CAPTURE_AUTORELEASING = YES;
				CLANG_WARN_BOOL_CONVERSION = YES;
				CLANG_WARN_COMMA = YES;
				CLANG_WARN_CONSTANT_CONVERSION = YES;
				CLANG_WARN_DEPRECATED_OBJC_IMPLEMENTATIONS = YES;
				CLANG_WARN_DIRECT_OBJC_ISA_USAGE = YES_ERROR;
				CLANG_WARN_DOCUMENTATION_COMMENTS = YES;
				CLANG_WARN_EMPTY_BODY = YES;
				CLANG_WARN_ENUM_CONVERSION = YES;
				CLANG_WARN_INFINITE_RECURSION = YES;
				CLANG_WARN_INT_CONVERSION = YES;
				CLANG_WARN_NON_LITERAL_NULL_CONVERSION = YES;
				CLANG_WARN_OBJC_IMPLICIT_RETAIN_SELF = YES;
				CLANG_WARN_OBJC_LITERAL_CONVERSION = YES;
				CLANG_WARN_OBJC_ROOT_CLASS = YES_ERROR;
				CLANG_WARN_QUOTED_INCLUDE_IN_FRAMEWORK_HEADER = YES;
				CLANG_WARN_RANGE_LOOP_ANALYSIS = YES;
				CLANG_WARN_STRICT_PROTOTYPES = YES;
				CLANG_WARN_SUSPICIOUS_MOVE = YES;
				CLANG_WARN_UNGUARDED_AVAILABILITY = YES_AGGRESSIVE;
				CLANG_WARN_UNREACHABLE_CODE = YES;
				CLANG_WARN__DUPLICATE_METHOD_MATCH = YES;
				COPY_PHASE_STRIP = NO;
				DEBUG_INFORMATION_FORMAT = dwarf;
				ENABLE_STRICT_OBJC_MSGSEND = YES;
				ENABLE_TESTABILITY = YES;
				GCC_C_LANGUAGE_STANDARD = gnu11;
				GCC_DYNAMIC_NO_PIC = NO;
				GCC_NO_COMMON_BLOCKS = YES;
				GCC_OPTIMIZATION_LEVEL = 0;
				GCC_PREPROCESSOR_DEFINITIONS = (
					"DEBUG=1",
					"$(inherited)",
				);
				GCC_WARN_64_TO_32_BIT_CONVERSION = YES;
				GCC_WARN_ABOUT_RETURN_TYPE = YES_ERROR;
				GCC_WARN_UNDECLARED_SELECTOR = YES;
				GCC_WARN_UNINITIALIZED_AUTOS = YES_AGGRESSIVE;
				GCC_WARN_UNUSED_FUNCTION = YES;
				GCC_WARN_UNUSED_VARIABLE = YES;
				IPHONEOS_DEPLOYMENT_TARGET = 16.4;
				MTL_ENABLE_DEBUG_INFO = INCLUDE_SOURCE;
				MTL_FAST_MATH = YES;
				ONLY_ACTIVE_ARCH = YES;
				SDKROOT = iphoneos;
				SWIFT_ACTIVE_COMPILATION_CONDITIONS = DEBUG;
				SWIFT_OPTIMIZATION_LEVEL = "-Onone";
			};
			name = Debug;
		};
		D19C2D012AACD2C5009AF3EC /* Release */ = {
			isa = XCBuildConfiguration;
			buildSettings = {
				ALWAYS_SEARCH_USER_PATHS = NO;
				CLANG_ANALYZER_NONNULL = YES;
				CLANG_ANALYZER_NUMBER_OBJECT_CONVERSION = YES_AGGRESSIVE;
				CLANG_CXX_LANGUAGE_STANDARD = "gnu++20";
				CLANG_ENABLE_MODULES = YES;
				CLANG_ENABLE_OBJC_ARC = YES;
				CLANG_ENABLE_OBJC_WEAK = YES;
				CLANG_WARN_BLOCK_CAPTURE_AUTORELEASING = YES;
				CLANG_WARN_BOOL_CONVERSION = YES;
				CLANG_WARN_COMMA = YES;
				CLANG_WARN_CONSTANT_CONVERSION = YES;
				CLANG_WARN_DEPRECATED_OBJC_IMPLEMENTATIONS = YES;
				CLANG_WARN_DIRECT_OBJC_ISA_USAGE = YES_ERROR;
				CLANG_WARN_DOCUMENTATION_COMMENTS = YES;
				CLANG_WARN_EMPTY_BODY = YES;
				CLANG_WARN_ENUM_CONVERSION = YES;
				CLANG_WARN_INFINITE_RECURSION = YES;
				CLANG_WARN_INT_CONVERSION = YES;
				CLANG_WARN_NON_LITERAL_NULL_CONVERSION = YES;
				CLANG_WARN_OBJC_IMPLICIT_RETAIN_SELF = YES;
				CLANG_WARN_OBJC_LITERAL_CONVERSION = YES;
				CLANG_WARN_OBJC_ROOT_CLASS = YES_ERROR;
				CLANG_WARN_QUOTED_INCLUDE_IN_FRAMEWORK_HEADER = YES;
				CLANG_WARN_RANGE_LOOP_ANALYSIS = YES;
				CLANG_WARN_STRICT_PROTOTYPES = YES;
				CLANG_WARN_SUSPICIOUS_MOVE = YES;
				CLANG_WARN_UNGUARDED_AVAILABILITY = YES_AGGRESSIVE;
				CLANG_WARN_UNREACHABLE_CODE = YES;
				CLANG_WARN__DUPLICATE_METHOD_MATCH = YES;
				COPY_PHASE_STRIP = NO;
				DEBUG_INFORMATION_FORMAT = "dwarf-with-dsym";
				ENABLE_NS_ASSERTIONS = NO;
				ENABLE_STRICT_OBJC_MSGSEND = YES;
				GCC_C_LANGUAGE_STANDARD = gnu11;
				GCC_NO_COMMON_BLOCKS = YES;
				GCC_WARN_64_TO_32_BIT_CONVERSION = YES;
				GCC_WARN_ABOUT_RETURN_TYPE = YES_ERROR;
				GCC_WARN_UNDECLARED_SELECTOR = YES;
				GCC_WARN_UNINITIALIZED_AUTOS = YES_AGGRESSIVE;
				GCC_WARN_UNUSED_FUNCTION = YES;
				GCC_WARN_UNUSED_VARIABLE = YES;
				IPHONEOS_DEPLOYMENT_TARGET = 16.4;
				MTL_ENABLE_DEBUG_INFO = NO;
				MTL_FAST_MATH = YES;
				SDKROOT = iphoneos;
				SWIFT_COMPILATION_MODE = wholemodule;
				SWIFT_OPTIMIZATION_LEVEL = "-O";
				VALIDATE_PRODUCT = YES;
			};
			name = Release;
		};
		D19C2D032AACD2C5009AF3EC /* Debug */ = {
			isa = XCBuildConfiguration;
			buildSettings = {
				ASSETCATALOG_COMPILER_APPICON_NAME = AppIcon;
				ASSETCATALOG_COMPILER_GLOBAL_ACCENT_COLOR_NAME = AccentColor;
				CODE_SIGN_STYLE = Automatic;
				CURRENT_PROJECT_VERSION = 1;
				DEVELOPMENT_TEAM = S25457U2GZ;
				GENERATE_INFOPLIST_FILE = YES;
				INFOPLIST_FILE = Diplom_finance_calculate/Info.plist;
				INFOPLIST_KEY_UIApplicationSupportsIndirectInputEvents = YES;
				INFOPLIST_KEY_UILaunchStoryboardName = LaunchScreen;
				INFOPLIST_KEY_UISupportedInterfaceOrientations_iPad = "UIInterfaceOrientationPortrait UIInterfaceOrientationPortraitUpsideDown UIInterfaceOrientationLandscapeLeft UIInterfaceOrientationLandscapeRight";
				INFOPLIST_KEY_UISupportedInterfaceOrientations_iPhone = "UIInterfaceOrientationPortrait UIInterfaceOrientationLandscapeLeft UIInterfaceOrientationLandscapeRight";
				IPHONEOS_DEPLOYMENT_TARGET = 15.0;
				LD_RUNPATH_SEARCH_PATHS = (
					"$(inherited)",
					"@executable_path/Frameworks",
				);
				MARKETING_VERSION = 1.0;
				PRODUCT_BUNDLE_IDENTIFIER = "iOSA.Diplom-finance-calculate";
				PRODUCT_NAME = "$(TARGET_NAME)";
				SWIFT_EMIT_LOC_STRINGS = YES;
				SWIFT_VERSION = 5.0;
				TARGETED_DEVICE_FAMILY = "1,2";
			};
			name = Debug;
		};
		D19C2D042AACD2C5009AF3EC /* Release */ = {
			isa = XCBuildConfiguration;
			buildSettings = {
				ASSETCATALOG_COMPILER_APPICON_NAME = AppIcon;
				ASSETCATALOG_COMPILER_GLOBAL_ACCENT_COLOR_NAME = AccentColor;
				CODE_SIGN_STYLE = Automatic;
				CURRENT_PROJECT_VERSION = 1;
				DEVELOPMENT_TEAM = S25457U2GZ;
				GENERATE_INFOPLIST_FILE = YES;
				INFOPLIST_FILE = Diplom_finance_calculate/Info.plist;
				INFOPLIST_KEY_UIApplicationSupportsIndirectInputEvents = YES;
				INFOPLIST_KEY_UILaunchStoryboardName = LaunchScreen;
				INFOPLIST_KEY_UISupportedInterfaceOrientations_iPad = "UIInterfaceOrientationPortrait UIInterfaceOrientationPortraitUpsideDown UIInterfaceOrientationLandscapeLeft UIInterfaceOrientationLandscapeRight";
				INFOPLIST_KEY_UISupportedInterfaceOrientations_iPhone = "UIInterfaceOrientationPortrait UIInterfaceOrientationLandscapeLeft UIInterfaceOrientationLandscapeRight";
				IPHONEOS_DEPLOYMENT_TARGET = 15.0;
				LD_RUNPATH_SEARCH_PATHS = (
					"$(inherited)",
					"@executable_path/Frameworks",
				);
				MARKETING_VERSION = 1.0;
				PRODUCT_BUNDLE_IDENTIFIER = "iOSA.Diplom-finance-calculate";
				PRODUCT_NAME = "$(TARGET_NAME)";
				SWIFT_EMIT_LOC_STRINGS = YES;
				SWIFT_VERSION = 5.0;
				TARGETED_DEVICE_FAMILY = "1,2";
			};
			name = Release;
		};
/* End XCBuildConfiguration section */

/* Begin XCConfigurationList section */
		D19C2CE92AACD2C2009AF3EC /* Build configuration list for PBXProject "Diplom_finance_calculate" */ = {
			isa = XCConfigurationList;
			buildConfigurations = (
				D19C2D002AACD2C5009AF3EC /* Debug */,
				D19C2D012AACD2C5009AF3EC /* Release */,
			);
			defaultConfigurationIsVisible = 0;
			defaultConfigurationName = Release;
		};
		D19C2D022AACD2C5009AF3EC /* Build configuration list for PBXNativeTarget "Diplom_finance_calculate" */ = {
			isa = XCConfigurationList;
			buildConfigurations = (
				D19C2D032AACD2C5009AF3EC /* Debug */,
				D19C2D042AACD2C5009AF3EC /* Release */,
			);
			defaultConfigurationIsVisible = 0;
			defaultConfigurationName = Release;
		};
/* End XCConfigurationList section */

/* Begin XCRemoteSwiftPackageReference section */
		D14202992ABCC4C400919641 /* XCRemoteSwiftPackageReference "realm-swift" */ = {
			isa = XCRemoteSwiftPackageReference;
			repositoryURL = "https://github.com/realm/realm-swift.git";
			requirement = {
				branch = master;
				kind = branch;
			};
		};
		D19C2D0A2AACD89A009AF3EC /* XCRemoteSwiftPackageReference "SnapKit" */ = {
			isa = XCRemoteSwiftPackageReference;
			repositoryURL = "https://github.com/SnapKit/SnapKit.git";
			requirement = {
				kind = upToNextMajorVersion;
				minimumVersion = 5.0.0;
			};
		};
/* End XCRemoteSwiftPackageReference section */

/* Begin XCSwiftPackageProductDependency section */
		D142029A2ABCC4C400919641 /* Realm */ = {
			isa = XCSwiftPackageProductDependency;
			package = D14202992ABCC4C400919641 /* XCRemoteSwiftPackageReference "realm-swift" */;
			productName = Realm;
		};
		D142029C2ABCC4C400919641 /* RealmSwift */ = {
			isa = XCSwiftPackageProductDependency;
			package = D14202992ABCC4C400919641 /* XCRemoteSwiftPackageReference "realm-swift" */;
			productName = RealmSwift;
		};
		D19C2D0B2AACD89A009AF3EC /* SnapKit */ = {
			isa = XCSwiftPackageProductDependency;
			package = D19C2D0A2AACD89A009AF3EC /* XCRemoteSwiftPackageReference "SnapKit" */;
			productName = SnapKit;
		};
/* End XCSwiftPackageProductDependency section */
	};
	rootObject = D19C2CE62AACD2C2009AF3EC /* Project object */;
}
